
Microsoft Visual Studio Solution File, Format Version 12.00
# Visual Studio Version 17
VisualStudioVersion = 17.1.32210.238
MinimumVisualStudioVersion = 10.0.40219.1
Project("{FAE04EC0-301F-11D3-BF4B-00C04F79EFBC}") = "BankAPI2", "BankAPI2\BankAPI2.csproj", "{144455C2-5CC0-4985-89AA-E91212DC46E0}"
EndProject
Global
	GlobalSection(SolutionConfigurationPlatforms) = preSolution
		Debug|Any CPU = Debug|Any CPU
		Release|Any CPU = Release|Any CPU
	EndGlobalSection
	GlobalSection(ProjectConfigurationPlatforms) = postSolution
		{144455C2-5CC0-4985-89AA-E91212DC46E0}.Debug|Any CPU.ActiveCfg = Debug|Any CPU
		{144455C2-5CC0-4985-89AA-E91212DC46E0}.Debug|Any CPU.Build.0 = Debug|Any CPU
		{144455C2-5CC0-4985-89AA-E91212DC46E0}.Release|Any CPU.ActiveCfg = Release|Any CPU
		{144455C2-5CC0-4985-89AA-E91212DC46E0}.Release|Any CPU.Build.0 = Release|Any CPU
	EndGlobalSection
	GlobalSection(SolutionProperties) = preSolution
		HideSolutionNode = FALSE
	EndGlobalSection
	GlobalSection(ExtensibilityGlobals) = postSolution
		SolutionGuid = {28D70018-EFA0-449A-876A-92174DAC88EA}
	EndGlobalSection
EndGlobal
